// !$*UTF8*$!
{
	archiveVersion = 1;
	classes = {
	};
	objectVersion = 56;
	objects = {

/* Begin PBXBuildFile section */
		0258E80A2AEDA81200E09716 /* ToggleButton.swift in Sources */ = {isa = PBXBuildFile; fileRef = 0258E8092AEDA81200E09716 /* ToggleButton.swift */; };
		02AFB7BB2AF086FB0031A554 /* SearchBar.swift in Sources */ = {isa = PBXBuildFile; fileRef = 02AFB7BA2AF086FB0031A554 /* SearchBar.swift */; };
		02B543142ADE0C9B008D2E32 /* CoffeeShopApp.swift in Sources */ = {isa = PBXBuildFile; fileRef = 02B543132ADE0C9B008D2E32 /* CoffeeShopApp.swift */; };
		02B543182ADE0C9D008D2E32 /* Assets.xcassets in Resources */ = {isa = PBXBuildFile; fileRef = 02B543172ADE0C9D008D2E32 /* Assets.xcassets */; };
		02B5431B2ADE0C9D008D2E32 /* Preview Assets.xcassets in Resources */ = {isa = PBXBuildFile; fileRef = 02B5431A2ADE0C9D008D2E32 /* Preview Assets.xcassets */; };
		02B543232ADE0F07008D2E32 /* OnboardingView.swift in Sources */ = {isa = PBXBuildFile; fileRef = 02B543222ADE0F07008D2E32 /* OnboardingView.swift */; };
		02B543282ADE1891008D2E32 /* OnboardingTitleView.swift in Sources */ = {isa = PBXBuildFile; fileRef = 02B543272ADE1891008D2E32 /* OnboardingTitleView.swift */; };
		02B5432A2ADE18E5008D2E32 /* OnboardingParagraphView.swift in Sources */ = {isa = PBXBuildFile; fileRef = 02B543292ADE18E5008D2E32 /* OnboardingParagraphView.swift */; };
		02B5432F2ADE196B008D2E32 /* ExtensionColor.swift in Sources */ = {isa = PBXBuildFile; fileRef = 02B5432E2ADE196B008D2E32 /* ExtensionColor.swift */; };
		02E4FB9F2AE72E5400435047 /* MainTabBar.swift in Sources */ = {isa = PBXBuildFile; fileRef = 02E4FB9E2AE72E5400435047 /* MainTabBar.swift */; };
		02E4FBA12AE731C100435047 /* DetailItemView.swift in Sources */ = {isa = PBXBuildFile; fileRef = 02E4FBA02AE731C100435047 /* DetailItemView.swift */; };
		02E4FBA32AE731CA00435047 /* OrderView.swift in Sources */ = {isa = PBXBuildFile; fileRef = 02E4FBA22AE731CA00435047 /* OrderView.swift */; };
		02E4FBA52AE731D500435047 /* DeliveryView.swift in Sources */ = {isa = PBXBuildFile; fileRef = 02E4FBA42AE731D500435047 /* DeliveryView.swift */; };
		02E4FBA72AE731F100435047 /* FavoriteView.swift in Sources */ = {isa = PBXBuildFile; fileRef = 02E4FBA62AE731F100435047 /* FavoriteView.swift */; };
		02E4FBA92AE7324900435047 /* CartView.swift in Sources */ = {isa = PBXBuildFile; fileRef = 02E4FBA82AE7324800435047 /* CartView.swift */; };
		02E4FBAB2AE7328600435047 /* NotificationsView.swift in Sources */ = {isa = PBXBuildFile; fileRef = 02E4FBAA2AE7328600435047 /* NotificationsView.swift */; };
		02E4FBAD2AE7363200435047 /* HomeView.swift in Sources */ = {isa = PBXBuildFile; fileRef = 02E4FBAC2AE7363200435047 /* HomeView.swift */; };
		02E4FBAF2AE7453B00435047 /* Carousel.swift in Sources */ = {isa = PBXBuildFile; fileRef = 02E4FBAE2AE7453B00435047 /* Carousel.swift */; };
		02E4FBB22AE758A600435047 /* ContentView.swift in Sources */ = {isa = PBXBuildFile; fileRef = 02E4FBB12AE758A600435047 /* ContentView.swift */; };
		02E4FBB42AE7595D00435047 /* CoffeeList.swift in Sources */ = {isa = PBXBuildFile; fileRef = 02E4FBB32AE7595D00435047 /* CoffeeList.swift */; };
/* End PBXBuildFile section */

/* Begin PBXFileReference section */
		0258E8092AEDA81200E09716 /* ToggleButton.swift */ = {isa = PBXFileReference; lastKnownFileType = sourcecode.swift; path = ToggleButton.swift; sourceTree = "<group>"; };
		02AFB7BA2AF086FB0031A554 /* SearchBar.swift */ = {isa = PBXFileReference; lastKnownFileType = sourcecode.swift; path = SearchBar.swift; sourceTree = "<group>"; };
		02B543102ADE0C9B008D2E32 /* CoffeeShop.app */ = {isa = PBXFileReference; explicitFileType = wrapper.application; includeInIndex = 0; path = CoffeeShop.app; sourceTree = BUILT_PRODUCTS_DIR; };
		02B543132ADE0C9B008D2E32 /* CoffeeShopApp.swift */ = {isa = PBXFileReference; lastKnownFileType = sourcecode.swift; path = CoffeeShopApp.swift; sourceTree = "<group>"; };
		02B543172ADE0C9D008D2E32 /* Assets.xcassets */ = {isa = PBXFileReference; lastKnownFileType = folder.assetcatalog; path = Assets.xcassets; sourceTree = "<group>"; };
		02B5431A2ADE0C9D008D2E32 /* Preview Assets.xcassets */ = {isa = PBXFileReference; lastKnownFileType = folder.assetcatalog; path = "Preview Assets.xcassets"; sourceTree = "<group>"; };
		02B543222ADE0F07008D2E32 /* OnboardingView.swift */ = {isa = PBXFileReference; lastKnownFileType = sourcecode.swift; path = OnboardingView.swift; sourceTree = "<group>"; };
		02B543272ADE1891008D2E32 /* OnboardingTitleView.swift */ = {isa = PBXFileReference; lastKnownFileType = sourcecode.swift; path = OnboardingTitleView.swift; sourceTree = "<group>"; };
		02B543292ADE18E5008D2E32 /* OnboardingParagraphView.swift */ = {isa = PBXFileReference; lastKnownFileType = sourcecode.swift; path = OnboardingParagraphView.swift; sourceTree = "<group>"; };
		02B5432E2ADE196B008D2E32 /* ExtensionColor.swift */ = {isa = PBXFileReference; lastKnownFileType = sourcecode.swift; path = ExtensionColor.swift; sourceTree = "<group>"; };
		02E4FB9E2AE72E5400435047 /* MainTabBar.swift */ = {isa = PBXFileReference; lastKnownFileType = sourcecode.swift; path = MainTabBar.swift; sourceTree = "<group>"; };
		02E4FBA02AE731C100435047 /* DetailItemView.swift */ = {isa = PBXFileReference; lastKnownFileType = sourcecode.swift; path = DetailItemView.swift; sourceTree = "<group>"; };
		02E4FBA22AE731CA00435047 /* OrderView.swift */ = {isa = PBXFileReference; lastKnownFileType = sourcecode.swift; path = OrderView.swift; sourceTree = "<group>"; };
		02E4FBA42AE731D500435047 /* DeliveryView.swift */ = {isa = PBXFileReference; lastKnownFileType = sourcecode.swift; path = DeliveryView.swift; sourceTree = "<group>"; };
		02E4FBA62AE731F100435047 /* FavoriteView.swift */ = {isa = PBXFileReference; lastKnownFileType = sourcecode.swift; path = FavoriteView.swift; sourceTree = "<group>"; };
		02E4FBA82AE7324800435047 /* CartView.swift */ = {isa = PBXFileReference; lastKnownFileType = sourcecode.swift; path = CartView.swift; sourceTree = "<group>"; };
		02E4FBAA2AE7328600435047 /* NotificationsView.swift */ = {isa = PBXFileReference; lastKnownFileType = sourcecode.swift; path = NotificationsView.swift; sourceTree = "<group>"; };
		02E4FBAC2AE7363200435047 /* HomeView.swift */ = {isa = PBXFileReference; lastKnownFileType = sourcecode.swift; path = HomeView.swift; sourceTree = "<group>"; };
		02E4FBAE2AE7453B00435047 /* Carousel.swift */ = {isa = PBXFileReference; lastKnownFileType = sourcecode.swift; path = Carousel.swift; sourceTree = "<group>"; };
		02E4FBB12AE758A600435047 /* ContentView.swift */ = {isa = PBXFileReference; lastKnownFileType = sourcecode.swift; path = ContentView.swift; sourceTree = "<group>"; };
		02E4FBB32AE7595D00435047 /* CoffeeList.swift */ = {isa = PBXFileReference; lastKnownFileType = sourcecode.swift; path = CoffeeList.swift; sourceTree = "<group>"; };
/* End PBXFileReference section */

/* Begin PBXFrameworksBuildPhase section */
		02B5430D2ADE0C9B008D2E32 /* Frameworks */ = {
			isa = PBXFrameworksBuildPhase;
			buildActionMask = 2147483647;
			files = (
			);
			runOnlyForDeploymentPostprocessing = 0;
		};
/* End PBXFrameworksBuildPhase section */

/* Begin PBXGroup section */
		02B543072ADE0C9B008D2E32 = {
			isa = PBXGroup;
			children = (
				02B543122ADE0C9B008D2E32 /* CoffeeShop */,
				02B543112ADE0C9B008D2E32 /* Products */,
			);
			sourceTree = "<group>";
		};
		02B543112ADE0C9B008D2E32 /* Products */ = {
			isa = PBXGroup;
			children = (
				02B543102ADE0C9B008D2E32 /* CoffeeShop.app */,
			);
			name = Products;
			sourceTree = "<group>";
		};
		02B543122ADE0C9B008D2E32 /* CoffeeShop */ = {
			isa = PBXGroup;
			children = (
				02E4FBB02AE7588A00435047 /* App */,
				02E4FB9D2AE72E4200435047 /* Components */,
				02B5432D2ADE1949008D2E32 /* Extensions */,
				02B543242ADE137E008D2E32 /* UI */,
				02B543212ADE0E4A008D2E32 /* View */,
				02E4FBB12AE758A600435047 /* ContentView.swift */,
				02B543172ADE0C9D008D2E32 /* Assets.xcassets */,
				02B543192ADE0C9D008D2E32 /* Preview Content */,
			);
			path = CoffeeShop;
			sourceTree = "<group>";
		};
		02B543192ADE0C9D008D2E32 /* Preview Content */ = {
			isa = PBXGroup;
			children = (
				02B5431A2ADE0C9D008D2E32 /* Preview Assets.xcassets */,
			);
			path = "Preview Content";
			sourceTree = "<group>";
		};
		02B543212ADE0E4A008D2E32 /* View */ = {
			isa = PBXGroup;
			children = (
				02B543222ADE0F07008D2E32 /* OnboardingView.swift */,
				02E4FBA02AE731C100435047 /* DetailItemView.swift */,
				02E4FBA22AE731CA00435047 /* OrderView.swift */,
				02E4FBA42AE731D500435047 /* DeliveryView.swift */,
				02E4FBA62AE731F100435047 /* FavoriteView.swift */,
				02E4FBA82AE7324800435047 /* CartView.swift */,
				02E4FBAA2AE7328600435047 /* NotificationsView.swift */,
				02E4FBAC2AE7363200435047 /* HomeView.swift */,
			);
			path = View;
			sourceTree = "<group>";
		};
		02B543242ADE137E008D2E32 /* UI */ = {
			isa = PBXGroup;
			children = (
				02B543302ADE1E66008D2E32 /* Onboarding */,
			);
			path = UI;
			sourceTree = "<group>";
		};
		02B5432D2ADE1949008D2E32 /* Extensions */ = {
			isa = PBXGroup;
			children = (
				02B5432E2ADE196B008D2E32 /* ExtensionColor.swift */,
			);
			path = Extensions;
			sourceTree = "<group>";
		};
		02B543302ADE1E66008D2E32 /* Onboarding */ = {
			isa = PBXGroup;
			children = (
				02B543272ADE1891008D2E32 /* OnboardingTitleView.swift */,
				02B543292ADE18E5008D2E32 /* OnboardingParagraphView.swift */,
				02E4FBAE2AE7453B00435047 /* Carousel.swift */,
			);
			path = Onboarding;
			sourceTree = "<group>";
		};
		02E4FB9D2AE72E4200435047 /* Components */ = {
			isa = PBXGroup;
			children = (
				02E4FB9E2AE72E5400435047 /* MainTabBar.swift */,
				02E4FBB32AE7595D00435047 /* CoffeeList.swift */,
				0258E8092AEDA81200E09716 /* ToggleButton.swift */,
				02AFB7BA2AF086FB0031A554 /* SearchBar.swift */,
			);
			path = Components;
			sourceTree = "<group>";
		};
		02E4FBB02AE7588A00435047 /* App */ = {
			isa = PBXGroup;
			children = (
				02B543132ADE0C9B008D2E32 /* CoffeeShopApp.swift */,
			);
			path = App;
			sourceTree = "<group>";
		};
/* End PBXGroup section */

/* Begin PBXNativeTarget section */
		02B5430F2ADE0C9B008D2E32 /* CoffeeShop */ = {
			isa = PBXNativeTarget;
			buildConfigurationList = 02B5431E2ADE0C9D008D2E32 /* Build configuration list for PBXNativeTarget "CoffeeShop" */;
			buildPhases = (
				02B5430C2ADE0C9B008D2E32 /* Sources */,
				02B5430D2ADE0C9B008D2E32 /* Frameworks */,
				02B5430E2ADE0C9B008D2E32 /* Resources */,
			);
			buildRules = (
			);
			dependencies = (
			);
			name = CoffeeShop;
			productName = CoffeeShop;
			productReference = 02B543102ADE0C9B008D2E32 /* CoffeeShop.app */;
			productType = "com.apple.product-type.application";
		};
/* End PBXNativeTarget section */

/* Begin PBXProject section */
		02B543082ADE0C9B008D2E32 /* Project object */ = {
			isa = PBXProject;
			attributes = {
				BuildIndependentTargetsInParallel = 1;
				LastSwiftUpdateCheck = 1500;
				LastUpgradeCheck = 1500;
				TargetAttributes = {
					02B5430F2ADE0C9B008D2E32 = {
						CreatedOnToolsVersion = 15.0;
					};
				};
			};
			buildConfigurationList = 02B5430B2ADE0C9B008D2E32 /* Build configuration list for PBXProject "CoffeeShop" */;
			compatibilityVersion = "Xcode 14.0";
			developmentRegion = en;
			hasScannedForEncodings = 0;
			knownRegions = (
				en,
				Base,
			);
			mainGroup = 02B543072ADE0C9B008D2E32;
			productRefGroup = 02B543112ADE0C9B008D2E32 /* Products */;
			projectDirPath = "";
			projectRoot = "";
			targets = (
				02B5430F2ADE0C9B008D2E32 /* CoffeeShop */,
			);
		};
/* End PBXProject section */

/* Begin PBXResourcesBuildPhase section */
		02B5430E2ADE0C9B008D2E32 /* Resources */ = {
			isa = PBXResourcesBuildPhase;
			buildActionMask = 2147483647;
			files = (
				02B5431B2ADE0C9D008D2E32 /* Preview Assets.xcassets in Resources */,
				02B543182ADE0C9D008D2E32 /* Assets.xcassets in Resources */,
			);
			runOnlyForDeploymentPostprocessing = 0;
		};
/* End PBXResourcesBuildPhase section */

/* Begin PBXSourcesBuildPhase section */
		02B5430C2ADE0C9B008D2E32 /* Sources */ = {
			isa = PBXSourcesBuildPhase;
			buildActionMask = 2147483647;
			files = (
				02B543282ADE1891008D2E32 /* OnboardingTitleView.swift in Sources */,
				02B5432F2ADE196B008D2E32 /* ExtensionColor.swift in Sources */,
				02E4FBAD2AE7363200435047 /* HomeView.swift in Sources */,
				02E4FB9F2AE72E5400435047 /* MainTabBar.swift in Sources */,
				0258E80A2AEDA81200E09716 /* ToggleButton.swift in Sources */,
				02AFB7BB2AF086FB0031A554 /* SearchBar.swift in Sources */,
				02E4FBA12AE731C100435047 /* DetailItemView.swift in Sources */,
				02E4FBA72AE731F100435047 /* FavoriteView.swift in Sources */,
				02E4FBA92AE7324900435047 /* CartView.swift in Sources */,
				02B543142ADE0C9B008D2E32 /* CoffeeShopApp.swift in Sources */,
				02E4FBA32AE731CA00435047 /* OrderView.swift in Sources */,
				02B5432A2ADE18E5008D2E32 /* OnboardingParagraphView.swift in Sources */,
				02E4FBAB2AE7328600435047 /* NotificationsView.swift in Sources */,
				02E4FBB22AE758A600435047 /* ContentView.swift in Sources */,
				02E4FBAF2AE7453B00435047 /* Carousel.swift in Sources */,
				02E4FBA52AE731D500435047 /* DeliveryView.swift in Sources */,
				02E4FBB42AE7595D00435047 /* CoffeeList.swift in Sources */,
				02B543232ADE0F07008D2E32 /* OnboardingView.swift in Sources */,
			);
			runOnlyForDeploymentPostprocessing = 0;
		};
/* End PBXSourcesBuildPhase section */

/* Begin XCBuildConfiguration section */
		02B5431C2ADE0C9D008D2E32 /* Debug */ = {
			isa = XCBuildConfiguration;
			buildSettings = {
				ALWAYS_SEARCH_USER_PATHS = NO;
				ASSETCATALOG_COMPILER_GENERATE_SWIFT_ASSET_SYMBOL_EXTENSIONS = YES;
				CLANG_ANALYZER_NONNULL = YES;
				CLANG_ANALYZER_NUMBER_OBJECT_CONVERSION = YES_AGGRESSIVE;
				CLANG_CXX_LANGUAGE_STANDARD = "gnu++20";
				CLANG_ENABLE_MODULES = YES;
				CLANG_ENABLE_OBJC_ARC = YES;
				CLANG_ENABLE_OBJC_WEAK = YES;
				CLANG_WARN_BLOCK_CAPTURE_AUTORELEASING = YES;
				CLANG_WARN_BOOL_CONVERSION = YES;
				CLANG_WARN_COMMA = YES;
				CLANG_WARN_CONSTANT_CONVERSION = YES;
				CLANG_WARN_DEPRECATED_OBJC_IMPLEMENTATIONS = YES;
				CLANG_WARN_DIRECT_OBJC_ISA_USAGE = YES_ERROR;
				CLANG_WARN_DOCUMENTATION_COMMENTS = YES;
				CLANG_WARN_EMPTY_BODY = YES;
				CLANG_WARN_ENUM_CONVERSION = YES;
				CLANG_WARN_INFINITE_RECURSION = YES;
				CLANG_WARN_INT_CONVERSION = YES;
				CLANG_WARN_NON_LITERAL_NULL_CONVERSION = YES;
				CLANG_WARN_OBJC_IMPLICIT_RETAIN_SELF = YES;
				CLANG_WARN_OBJC_LITERAL_CONVERSION = YES;
				CLANG_WARN_OBJC_ROOT_CLASS = YES_ERROR;
				CLANG_WARN_QUOTED_INCLUDE_IN_FRAMEWORK_HEADER = YES;
				CLANG_WARN_RANGE_LOOP_ANALYSIS = YES;
				CLANG_WARN_STRICT_PROTOTYPES = YES;
				CLANG_WARN_SUSPICIOUS_MOVE = YES;
				CLANG_WARN_UNGUARDED_AVAILABILITY = YES_AGGRESSIVE;
				CLANG_WARN_UNREACHABLE_CODE = YES;
				CLANG_WARN__DUPLICATE_METHOD_MATCH = YES;
				COPY_PHASE_STRIP = NO;
				DEBUG_INFORMATION_FORMAT = dwarf;
				ENABLE_STRICT_OBJC_MSGSEND = YES;
				ENABLE_TESTABILITY = YES;
				ENABLE_USER_SCRIPT_SANDBOXING = YES;
				GCC_C_LANGUAGE_STANDARD = gnu17;
				GCC_DYNAMIC_NO_PIC = NO;
				GCC_NO_COMMON_BLOCKS = YES;
				GCC_OPTIMIZATION_LEVEL = 0;
				GCC_PREPROCESSOR_DEFINITIONS = (
					"DEBUG=1",
					"$(inherited)",
				);
				GCC_WARN_64_TO_32_BIT_CONVERSION = YES;
				GCC_WARN_ABOUT_RETURN_TYPE = YES_ERROR;
				GCC_WARN_UNDECLARED_SELECTOR = YES;
				GCC_WARN_UNINITIALIZED_AUTOS = YES_AGGRESSIVE;
				GCC_WARN_UNUSED_FUNCTION = YES;
				GCC_WARN_UNUSED_VARIABLE = YES;
				IPHONEOS_DEPLOYMENT_TARGET = 17.0;
				LOCALIZATION_PREFERS_STRING_CATALOGS = YES;
				MTL_ENABLE_DEBUG_INFO = INCLUDE_SOURCE;
				MTL_FAST_MATH = YES;
				ONLY_ACTIVE_ARCH = YES;
				SDKROOT = iphoneos;
				SWIFT_ACTIVE_COMPILATION_CONDITIONS = "DEBUG $(inherited)";
				SWIFT_OPTIMIZATION_LEVEL = "-Onone";
			};
			name = Debug;
		};
		02B5431D2ADE0C9D008D2E32 /* Release */ = {
			isa = XCBuildConfiguration;
			buildSettings = {
				ALWAYS_SEARCH_USER_PATHS = NO;
				ASSETCATALOG_COMPILER_GENERATE_SWIFT_ASSET_SYMBOL_EXTENSIONS = YES;
				CLANG_ANALYZER_NONNULL = YES;
				CLANG_ANALYZER_NUMBER_OBJECT_CONVERSION = YES_AGGRESSIVE;
				CLANG_CXX_LANGUAGE_STANDARD = "gnu++20";
				CLANG_ENABLE_MODULES = YES;
				CLANG_ENABLE_OBJC_ARC = YES;
				CLANG_ENABLE_OBJC_WEAK = YES;
				CLANG_WARN_BLOCK_CAPTURE_AUTORELEASING = YES;
				CLANG_WARN_BOOL_CONVERSION = YES;
				CLANG_WARN_COMMA = YES;
				CLANG_WARN_CONSTANT_CONVERSION = YES;
				CLANG_WARN_DEPRECATED_OBJC_IMPLEMENTATIONS = YES;
				CLANG_WARN_DIRECT_OBJC_ISA_USAGE = YES_ERROR;
				CLANG_WARN_DOCUMENTATION_COMMENTS = YES;
				CLANG_WARN_EMPTY_BODY = YES;
				CLANG_WARN_ENUM_CONVERSION = YES;
				CLANG_WARN_INFINITE_RECURSION = YES;
				CLANG_WARN_INT_CONVERSION = YES;
				CLANG_WARN_NON_LITERAL_NULL_CONVERSION = YES;
				CLANG_WARN_OBJC_IMPLICIT_RETAIN_SELF = YES;
				CLANG_WARN_OBJC_LITERAL_CONVERSION = YES;
				CLANG_WARN_OBJC_ROOT_CLASS = YES_ERROR;
				CLANG_WARN_QUOTED_INCLUDE_IN_FRAMEWORK_HEADER = YES;
				CLANG_WARN_RANGE_LOOP_ANALYSIS = YES;
				CLANG_WARN_STRICT_PROTOTYPES = YES;
				CLANG_WARN_SUSPICIOUS_MOVE = YES;
				CLANG_WARN_UNGUARDED_AVAILABILITY = YES_AGGRESSIVE;
				CLANG_WARN_UNREACHABLE_CODE = YES;
				CLANG_WARN__DUPLICATE_METHOD_MATCH = YES;
				COPY_PHASE_STRIP = NO;
				DEBUG_INFORMATION_FORMAT = "dwarf-with-dsym";
				ENABLE_NS_ASSERTIONS = NO;
				ENABLE_STRICT_OBJC_MSGSEND = YES;
				ENABLE_USER_SCRIPT_SANDBOXING = YES;
				GCC_C_LANGUAGE_STANDARD = gnu17;
				GCC_NO_COMMON_BLOCKS = YES;
				GCC_WARN_64_TO_32_BIT_CONVERSION = YES;
				GCC_WARN_ABOUT_RETURN_TYPE = YES_ERROR;
				GCC_WARN_UNDECLARED_SELECTOR = YES;
				GCC_WARN_UNINITIALIZED_AUTOS = YES_AGGRESSIVE;
				GCC_WARN_UNUSED_FUNCTION = YES;
				GCC_WARN_UNUSED_VARIABLE = YES;
				IPHONEOS_DEPLOYMENT_TARGET = 17.0;
				LOCALIZATION_PREFERS_STRING_CATALOGS = YES;
				MTL_ENABLE_DEBUG_INFO = NO;
				MTL_FAST_MATH = YES;
				SDKROOT = iphoneos;
				SWIFT_COMPILATION_MODE = wholemodule;
				VALIDATE_PRODUCT = YES;
			};
			name = Release;
		};
		02B5431F2ADE0C9D008D2E32 /* Debug */ = {
			isa = XCBuildConfiguration;
			buildSettings = {
				ASSETCATALOG_COMPILER_APPICON_NAME = AppIcon;
				ASSETCATALOG_COMPILER_GLOBAL_ACCENT_COLOR_NAME = AccentColor;
				CODE_SIGN_STYLE = Automatic;
				CURRENT_PROJECT_VERSION = 1;
				DEVELOPMENT_ASSET_PATHS = "\"CoffeeShop/Preview Content\"";
				DEVELOPMENT_TEAM = 6MCTM986U8;
				ENABLE_PREVIEWS = YES;
				GENERATE_INFOPLIST_FILE = YES;
				INFOPLIST_KEY_UIApplicationSceneManifest_Generation = YES;
				INFOPLIST_KEY_UIApplicationSupportsIndirectInputEvents = YES;
				INFOPLIST_KEY_UILaunchScreen_Generation = YES;
				INFOPLIST_KEY_UISupportedInterfaceOrientations_iPad = "UIInterfaceOrientationPortrait UIInterfaceOrientationPortraitUpsideDown UIInterfaceOrientationLandscapeLeft UIInterfaceOrientationLandscapeRight";
				INFOPLIST_KEY_UISupportedInterfaceOrientations_iPhone = "UIInterfaceOrientationPortrait UIInterfaceOrientationLandscapeLeft UIInterfaceOrientationLandscapeRight";
				LD_RUNPATH_SEARCH_PATHS = (
					"$(inherited)",
					"@executable_path/Frameworks",
				);
				MARKETING_VERSION = 1.0;
				PRODUCT_BUNDLE_IDENTIFIER = tiisde.CoffeeShop;
				PRODUCT_NAME = "$(TARGET_NAME)";
				SWIFT_EMIT_LOC_STRINGS = YES;
				SWIFT_VERSION = 5.0;
				TARGETED_DEVICE_FAMILY = "1,2";
			};
			name = Debug;
		};
		02B543202ADE0C9D008D2E32 /* Release */ = {
			isa = XCBuildConfiguration;
			buildSettings = {
				ASSETCATALOG_COMPILER_APPICON_NAME = AppIcon;
				ASSETCATALOG_COMPILER_GLOBAL_ACCENT_COLOR_NAME = AccentColor;
				CODE_SIGN_STYLE = Automatic;
				CURRENT_PROJECT_VERSION = 1;
				DEVELOPMENT_ASSET_PATHS = "\"CoffeeShop/Preview Content\"";
				DEVELOPMENT_TEAM = 6MCTM986U8;
				ENABLE_PREVIEWS = YES;
				GENERATE_INFOPLIST_FILE = YES;
				INFOPLIST_KEY_UIApplicationSceneManifest_Generation = YES;
				INFOPLIST_KEY_UIApplicationSupportsIndirectInputEvents = YES;
				INFOPLIST_KEY_UILaunchScreen_Generation = YES;
				INFOPLIST_KEY_UISupportedInterfaceOrientations_iPad = "UIInterfaceOrientationPortrait UIInterfaceOrientationPortraitUpsideDown UIInterfaceOrientationLandscapeLeft UIInterfaceOrientationLandscapeRight";
				INFOPLIST_KEY_UISupportedInterfaceOrientations_iPhone = "UIInterfaceOrientationPortrait UIInterfaceOrientationLandscapeLeft UIInterfaceOrientationLandscapeRight";
				LD_RUNPATH_SEARCH_PATHS = (
					"$(inherited)",
					"@executable_path/Frameworks",
				);
				MARKETING_VERSION = 1.0;
				PRODUCT_BUNDLE_IDENTIFIER = tiisde.CoffeeShop;
				PRODUCT_NAME = "$(TARGET_NAME)";
				SWIFT_EMIT_LOC_STRINGS = YES;
				SWIFT_VERSION = 5.0;
				TARGETED_DEVICE_FAMILY = "1,2";
			};
			name = Release;
		};
/* End XCBuildConfiguration section */

/* Begin XCConfigurationList section */
		02B5430B2ADE0C9B008D2E32 /* Build configuration list for PBXProject "CoffeeShop" */ = {
			isa = XCConfigurationList;
			buildConfigurations = (
				02B5431C2ADE0C9D008D2E32 /* Debug */,
				02B5431D2ADE0C9D008D2E32 /* Release */,
			);
			defaultConfigurationIsVisible = 0;
			defaultConfigurationName = Release;
		};
		02B5431E2ADE0C9D008D2E32 /* Build configuration list for PBXNativeTarget "CoffeeShop" */ = {
			isa = XCConfigurationList;
			buildConfigurations = (
				02B5431F2ADE0C9D008D2E32 /* Debug */,
				02B543202ADE0C9D008D2E32 /* Release */,
			);
			defaultConfigurationIsVisible = 0;
			defaultConfigurationName = Release;
		};
/* End XCConfigurationList section */
	};
	rootObject = 02B543082ADE0C9B008D2E32 /* Project object */;
}
